// !$*UTF8*$!
{
	archiveVersion = 1;
	classes = {
	};
	objectVersion = 46;
	objects = {

/* Begin PBXBuildFile section */
		AD2B1CB71F43E17A001175E2 /* TrechosDeCodigosAtuais in Resources */ = {isa = PBXBuildFile; fileRef = AD2B1CB61F43E17A001175E2 /* TrechosDeCodigosAtuais */; };
		ADF298241F3FB0D500DE8767 /* AppDelegate.swift in Sources */ = {isa = PBXBuildFile; fileRef = ADF298231F3FB0D500DE8767 /* AppDelegate.swift */; };
		ADF298261F3FB0D500DE8767 /* GameScene.sks in Resources */ = {isa = PBXBuildFile; fileRef = ADF298251F3FB0D500DE8767 /* GameScene.sks */; };
		ADF298281F3FB0D500DE8767 /* Actions.sks in Resources */ = {isa = PBXBuildFile; fileRef = ADF298271F3FB0D500DE8767 /* Actions.sks */; };
		ADF2982A1F3FB0D500DE8767 /* GameScene.swift in Sources */ = {isa = PBXBuildFile; fileRef = ADF298291F3FB0D500DE8767 /* GameScene.swift */; };
		ADF2982C1F3FB0D500DE8767 /* GameViewController.swift in Sources */ = {isa = PBXBuildFile; fileRef = ADF2982B1F3FB0D500DE8767 /* GameViewController.swift */; };
		ADF2982F1F3FB0D500DE8767 /* Main.storyboard in Resources */ = {isa = PBXBuildFile; fileRef = ADF2982D1F3FB0D500DE8767 /* Main.storyboard */; };
		ADF298311F3FB0D500DE8767 /* Assets.xcassets in Resources */ = {isa = PBXBuildFile; fileRef = ADF298301F3FB0D500DE8767 /* Assets.xcassets */; };
		ADF298341F3FB0D500DE8767 /* LaunchScreen.storyboard in Resources */ = {isa = PBXBuildFile; fileRef = ADF298321F3FB0D500DE8767 /* LaunchScreen.storyboard */; };
		ADF2983F1F3FB0D500DE8767 /* NeonDownTests.swift in Sources */ = {isa = PBXBuildFile; fileRef = ADF2983E1F3FB0D500DE8767 /* NeonDownTests.swift */; };
		ADF2984A1F3FB0D500DE8767 /* NeonDownUITests.swift in Sources */ = {isa = PBXBuildFile; fileRef = ADF298491F3FB0D500DE8767 /* NeonDownUITests.swift */; };
		ADF298591F3FB3E200DE8767 /* oldGameScene in Resources */ = {isa = PBXBuildFile; fileRef = ADF298581F3FB3E200DE8767 /* oldGameScene */; };
		ADF2985F1F3FB54000DE8767 /* Plataform.swift in Sources */ = {isa = PBXBuildFile; fileRef = ADF2985E1F3FB54000DE8767 /* Plataform.swift */; };
		ADF298631F3FC29800DE8767 /* ColorIDenum.swift in Sources */ = {isa = PBXBuildFile; fileRef = ADF298621F3FC29800DE8767 /* ColorIDenum.swift */; };
/* End PBXBuildFile section */

/* Begin PBXContainerItemProxy section */
		ADF2983B1F3FB0D500DE8767 /* PBXContainerItemProxy */ = {
			isa = PBXContainerItemProxy;
			containerPortal = ADF298181F3FB0D500DE8767 /* Project object */;
			proxyType = 1;
			remoteGlobalIDString = ADF2981F1F3FB0D500DE8767;
			remoteInfo = NeonDown;
		};
		ADF298461F3FB0D500DE8767 /* PBXContainerItemProxy */ = {
			isa = PBXContainerItemProxy;
			containerPortal = ADF298181F3FB0D500DE8767 /* Project object */;
			proxyType = 1;
			remoteGlobalIDString = ADF2981F1F3FB0D500DE8767;
			remoteInfo = NeonDown;
		};
/* End PBXContainerItemProxy section */

/* Begin PBXFileReference section */
		AD2B1CB61F43E17A001175E2 /* TrechosDeCodigosAtuais */ = {isa = PBXFileReference; fileEncoding = 4; lastKnownFileType = text; path = TrechosDeCodigosAtuais; sourceTree = "<group>"; };
		ADF298201F3FB0D500DE8767 /* NeonDown.app */ = {isa = PBXFileReference; explicitFileType = wrapper.application; includeInIndex = 0; path = NeonDown.app; sourceTree = BUILT_PRODUCTS_DIR; };
		ADF298231F3FB0D500DE8767 /* AppDelegate.swift */ = {isa = PBXFileReference; lastKnownFileType = sourcecode.swift; path = AppDelegate.swift; sourceTree = "<group>"; };
		ADF298251F3FB0D500DE8767 /* GameScene.sks */ = {isa = PBXFileReference; lastKnownFileType = file.sks; path = GameScene.sks; sourceTree = "<group>"; };
		ADF298271F3FB0D500DE8767 /* Actions.sks */ = {isa = PBXFileReference; lastKnownFileType = file.sks; path = Actions.sks; sourceTree = "<group>"; };
		ADF298291F3FB0D500DE8767 /* GameScene.swift */ = {isa = PBXFileReference; lastKnownFileType = sourcecode.swift; path = GameScene.swift; sourceTree = "<group>"; };
		ADF2982B1F3FB0D500DE8767 /* GameViewController.swift */ = {isa = PBXFileReference; lastKnownFileType = sourcecode.swift; path = GameViewController.swift; sourceTree = "<group>"; };
		ADF2982E1F3FB0D500DE8767 /* Base */ = {isa = PBXFileReference; lastKnownFileType = file.storyboard; name = Base; path = Base.lproj/Main.storyboard; sourceTree = "<group>"; };
		ADF298301F3FB0D500DE8767 /* Assets.xcassets */ = {isa = PBXFileReference; lastKnownFileType = folder.assetcatalog; path = Assets.xcassets; sourceTree = "<group>"; };
		ADF298331F3FB0D500DE8767 /* Base */ = {isa = PBXFileReference; lastKnownFileType = file.storyboard; name = Base; path = Base.lproj/LaunchScreen.storyboard; sourceTree = "<group>"; };
		ADF298351F3FB0D500DE8767 /* Info.plist */ = {isa = PBXFileReference; lastKnownFileType = text.plist.xml; path = Info.plist; sourceTree = "<group>"; };
		ADF2983A1F3FB0D500DE8767 /* NeonDownTests.xctest */ = {isa = PBXFileReference; explicitFileType = wrapper.cfbundle; includeInIndex = 0; path = NeonDownTests.xctest; sourceTree = BUILT_PRODUCTS_DIR; };
		ADF2983E1F3FB0D500DE8767 /* NeonDownTests.swift */ = {isa = PBXFileReference; lastKnownFileType = sourcecode.swift; path = NeonDownTests.swift; sourceTree = "<group>"; };
		ADF298401F3FB0D500DE8767 /* Info.plist */ = {isa = PBXFileReference; lastKnownFileType = text.plist.xml; path = Info.plist; sourceTree = "<group>"; };
		ADF298451F3FB0D500DE8767 /* NeonDownUITests.xctest */ = {isa = PBXFileReference; explicitFileType = wrapper.cfbundle; includeInIndex = 0; path = NeonDownUITests.xctest; sourceTree = BUILT_PRODUCTS_DIR; };
		ADF298491F3FB0D500DE8767 /* NeonDownUITests.swift */ = {isa = PBXFileReference; lastKnownFileType = sourcecode.swift; path = NeonDownUITests.swift; sourceTree = "<group>"; };
		ADF2984B1F3FB0D500DE8767 /* Info.plist */ = {isa = PBXFileReference; lastKnownFileType = text.plist.xml; path = Info.plist; sourceTree = "<group>"; };
		ADF298581F3FB3E200DE8767 /* oldGameScene */ = {isa = PBXFileReference; fileEncoding = 4; lastKnownFileType = text; path = oldGameScene; sourceTree = "<group>"; };
		ADF2985E1F3FB54000DE8767 /* Plataform.swift */ = {isa = PBXFileReference; fileEncoding = 4; lastKnownFileType = sourcecode.swift; path = Plataform.swift; sourceTree = "<group>"; };
		ADF298621F3FC29800DE8767 /* ColorIDenum.swift */ = {isa = PBXFileReference; fileEncoding = 4; lastKnownFileType = sourcecode.swift; path = ColorIDenum.swift; sourceTree = "<group>"; };
/* End PBXFileReference section */

/* Begin PBXFrameworksBuildPhase section */
		ADF2981D1F3FB0D500DE8767 /* Frameworks */ = {
			isa = PBXFrameworksBuildPhase;
			buildActionMask = 2147483647;
			files = (
			);
			runOnlyForDeploymentPostprocessing = 0;
		};
		ADF298371F3FB0D500DE8767 /* Frameworks */ = {
			isa = PBXFrameworksBuildPhase;
			buildActionMask = 2147483647;
			files = (
			);
			runOnlyForDeploymentPostprocessing = 0;
		};
		ADF298421F3FB0D500DE8767 /* Frameworks */ = {
			isa = PBXFrameworksBuildPhase;
			buildActionMask = 2147483647;
			files = (
			);
			runOnlyForDeploymentPostprocessing = 0;
		};
/* End PBXFrameworksBuildPhase section */

/* Begin PBXGroup section */
		ADD5C0481F4522C800A4C36F /* Scene */ = {
			isa = PBXGroup;
			children = (
				ADF298251F3FB0D500DE8767 /* GameScene.sks */,
				ADF298271F3FB0D500DE8767 /* Actions.sks */,
			);
			name = Scene;
			sourceTree = "<group>";
		};
		ADF298171F3FB0D500DE8767 = {
			isa = PBXGroup;
			children = (
				ADF298221F3FB0D500DE8767 /* NeonDown */,
				ADF2983D1F3FB0D500DE8767 /* NeonDownTests */,
				ADF298481F3FB0D500DE8767 /* NeonDownUITests */,
				ADF298211F3FB0D500DE8767 /* Products */,
			);
			sourceTree = "<group>";
		};
		ADF298211F3FB0D500DE8767 /* Products */ = {
			isa = PBXGroup;
			children = (
				ADF298201F3FB0D500DE8767 /* NeonDown.app */,
				ADF2983A1F3FB0D500DE8767 /* NeonDownTests.xctest */,
				ADF298451F3FB0D500DE8767 /* NeonDownUITests.xctest */,
			);
			name = Products;
			sourceTree = "<group>";
		};
		ADF298221F3FB0D500DE8767 /* NeonDown */ = {
			isa = PBXGroup;
			children = (
				ADF298231F3FB0D500DE8767 /* AppDelegate.swift */,
				ADF298571F3FB3BD00DE8767 /* SomeCodes */,
				ADF2985D1F3FB4FF00DE8767 /* model */,
				ADF2985C1F3FB4B700DE8767 /* controller */,
				ADF2985A1F3FB46600DE8767 /* view */,
				ADF298301F3FB0D500DE8767 /* Assets.xcassets */,
				ADF298351F3FB0D500DE8767 /* Info.plist */,
			);
			path = NeonDown;
			sourceTree = "<group>";
		};
		ADF2983D1F3FB0D500DE8767 /* NeonDownTests */ = {
			isa = PBXGroup;
			children = (
				ADF2983E1F3FB0D500DE8767 /* NeonDownTests.swift */,
				ADF298401F3FB0D500DE8767 /* Info.plist */,
			);
			path = NeonDownTests;
			sourceTree = "<group>";
		};
		ADF298481F3FB0D500DE8767 /* NeonDownUITests */ = {
			isa = PBXGroup;
			children = (
				ADF298491F3FB0D500DE8767 /* NeonDownUITests.swift */,
				ADF2984B1F3FB0D500DE8767 /* Info.plist */,
			);
			path = NeonDownUITests;
			sourceTree = "<group>";
		};
		ADF298571F3FB3BD00DE8767 /* SomeCodes */ = {
			isa = PBXGroup;
			children = (
				ADF298581F3FB3E200DE8767 /* oldGameScene */,
				AD2B1CB61F43E17A001175E2 /* TrechosDeCodigosAtuais */,
			);
			name = SomeCodes;
			sourceTree = "<group>";
		};
		ADF2985A1F3FB46600DE8767 /* view */ = {
			isa = PBXGroup;
			children = (
				ADD5C0481F4522C800A4C36F /* Scene */,
				ADF2982D1F3FB0D500DE8767 /* Main.storyboard */,
				ADF298321F3FB0D500DE8767 /* LaunchScreen.storyboard */,
			);
			name = view;
			sourceTree = "<group>";
		};
		ADF2985C1F3FB4B700DE8767 /* controller */ = {
			isa = PBXGroup;
			children = (
				ADF2982B1F3FB0D500DE8767 /* GameViewController.swift */,
				ADF298291F3FB0D500DE8767 /* GameScene.swift */,
			);
			name = controller;
			sourceTree = "<group>";
		};
		ADF2985D1F3FB4FF00DE8767 /* model */ = {
			isa = PBXGroup;
			children = (
				ADF2985E1F3FB54000DE8767 /* Plataform.swift */,
				ADF298621F3FC29800DE8767 /* ColorIDenum.swift */,
			);
			name = model;
			sourceTree = "<group>";
		};
/* End PBXGroup section */

/* Begin PBXNativeTarget section */
		ADF2981F1F3FB0D500DE8767 /* NeonDown */ = {
			isa = PBXNativeTarget;
			buildConfigurationList = ADF2984E1F3FB0D500DE8767 /* Build configuration list for PBXNativeTarget "NeonDown" */;
			buildPhases = (
				ADF2981C1F3FB0D500DE8767 /* Sources */,
				ADF2981D1F3FB0D500DE8767 /* Frameworks */,
				ADF2981E1F3FB0D500DE8767 /* Resources */,
			);
			buildRules = (
			);
			dependencies = (
			);
			name = NeonDown;
			productName = NeonDown;
			productReference = ADF298201F3FB0D500DE8767 /* NeonDown.app */;
			productType = "com.apple.product-type.application";
		};
		ADF298391F3FB0D500DE8767 /* NeonDownTests */ = {
			isa = PBXNativeTarget;
			buildConfigurationList = ADF298511F3FB0D500DE8767 /* Build configuration list for PBXNativeTarget "NeonDownTests" */;
			buildPhases = (
				ADF298361F3FB0D500DE8767 /* Sources */,
				ADF298371F3FB0D500DE8767 /* Frameworks */,
				ADF298381F3FB0D500DE8767 /* Resources */,
			);
			buildRules = (
			);
			dependencies = (
				ADF2983C1F3FB0D500DE8767 /* PBXTargetDependency */,
			);
			name = NeonDownTests;
			productName = NeonDownTests;
			productReference = ADF2983A1F3FB0D500DE8767 /* NeonDownTests.xctest */;
			productType = "com.apple.product-type.bundle.unit-test";
		};
		ADF298441F3FB0D500DE8767 /* NeonDownUITests */ = {
			isa = PBXNativeTarget;
			buildConfigurationList = ADF298541F3FB0D500DE8767 /* Build configuration list for PBXNativeTarget "NeonDownUITests" */;
			buildPhases = (
				ADF298411F3FB0D500DE8767 /* Sources */,
				ADF298421F3FB0D500DE8767 /* Frameworks */,
				ADF298431F3FB0D500DE8767 /* Resources */,
			);
			buildRules = (
			);
			dependencies = (
				ADF298471F3FB0D500DE8767 /* PBXTargetDependency */,
			);
			name = NeonDownUITests;
			productName = NeonDownUITests;
			productReference = ADF298451F3FB0D500DE8767 /* NeonDownUITests.xctest */;
			productType = "com.apple.product-type.bundle.ui-testing";
		};
/* End PBXNativeTarget section */

/* Begin PBXProject section */
		ADF298181F3FB0D500DE8767 /* Project object */ = {
			isa = PBXProject;
			attributes = {
				LastSwiftUpdateCheck = 0830;
				LastUpgradeCheck = 0830;
				ORGANIZATIONNAME = "Edson  Jr";
				TargetAttributes = {
					ADF2981F1F3FB0D500DE8767 = {
						CreatedOnToolsVersion = 8.3.3;
						DevelopmentTeam = 7WV8M257CC;
						ProvisioningStyle = Automatic;
					};
					ADF298391F3FB0D500DE8767 = {
						CreatedOnToolsVersion = 8.3.3;
						DevelopmentTeam = 7WV8M257CC;
						ProvisioningStyle = Automatic;
						TestTargetID = ADF2981F1F3FB0D500DE8767;
					};
					ADF298441F3FB0D500DE8767 = {
						CreatedOnToolsVersion = 8.3.3;
						DevelopmentTeam = 7WV8M257CC;
						ProvisioningStyle = Automatic;
						TestTargetID = ADF2981F1F3FB0D500DE8767;
					};
				};
			};
			buildConfigurationList = ADF2981B1F3FB0D500DE8767 /* Build configuration list for PBXProject "NeonDown" */;
			compatibilityVersion = "Xcode 3.2";
			developmentRegion = English;
			hasScannedForEncodings = 0;
			knownRegions = (
				en,
				Base,
			);
			mainGroup = ADF298171F3FB0D500DE8767;
			productRefGroup = ADF298211F3FB0D500DE8767 /* Products */;
			projectDirPath = "";
			projectRoot = "";
			targets = (
				ADF2981F1F3FB0D500DE8767 /* NeonDown */,
				ADF298391F3FB0D500DE8767 /* NeonDownTests */,
				ADF298441F3FB0D500DE8767 /* NeonDownUITests */,
			);
		};
/* End PBXProject section */

/* Begin PBXResourcesBuildPhase section */
		ADF2981E1F3FB0D500DE8767 /* Resources */ = {
			isa = PBXResourcesBuildPhase;
			buildActionMask = 2147483647;
			files = (
				ADF2982F1F3FB0D500DE8767 /* Main.storyboard in Resources */,
				ADF298591F3FB3E200DE8767 /* oldGameScene in Resources */,
				AD2B1CB71F43E17A001175E2 /* TrechosDeCodigosAtuais in Resources */,
				ADF298261F3FB0D500DE8767 /* GameScene.sks in Resources */,
				ADF298311F3FB0D500DE8767 /* Assets.xcassets in Resources */,
				ADF298341F3FB0D500DE8767 /* LaunchScreen.storyboard in Resources */,
				ADF298281F3FB0D500DE8767 /* Actions.sks in Resources */,
			);
			runOnlyForDeploymentPostprocessing = 0;
		};
		ADF298381F3FB0D500DE8767 /* Resources */ = {
			isa = PBXResourcesBuildPhase;
			buildActionMask = 2147483647;
			files = (
			);
			runOnlyForDeploymentPostprocessing = 0;
		};
		ADF298431F3FB0D500DE8767 /* Resources */ = {
			isa = PBXResourcesBuildPhase;
			buildActionMask = 2147483647;
			files = (
			);
			runOnlyForDeploymentPostprocessing = 0;
		};
/* End PBXResourcesBuildPhase section */

/* Begin PBXSourcesBuildPhase section */
		ADF2981C1F3FB0D500DE8767 /* Sources */ = {
			isa = PBXSourcesBuildPhase;
			buildActionMask = 2147483647;
			files = (
				ADF2985F1F3FB54000DE8767 /* Plataform.swift in Sources */,
				ADF2982A1F3FB0D500DE8767 /* GameScene.swift in Sources */,
				ADF2982C1F3FB0D500DE8767 /* GameViewController.swift in Sources */,
				ADF298631F3FC29800DE8767 /* ColorIDenum.swift in Sources */,
				ADF298241F3FB0D500DE8767 /* AppDelegate.swift in Sources */,
			);
			runOnlyForDeploymentPostprocessing = 0;
		};
		ADF298361F3FB0D500DE8767 /* Sources */ = {
			isa = PBXSourcesBuildPhase;
			buildActionMask = 2147483647;
			files = (
				ADF2983F1F3FB0D500DE8767 /* NeonDownTests.swift in Sources */,
			);
			runOnlyForDeploymentPostprocessing = 0;
		};
		ADF298411F3FB0D500DE8767 /* Sources */ = {
			isa = PBXSourcesBuildPhase;
			buildActionMask = 2147483647;
			files = (
				ADF2984A1F3FB0D500DE8767 /* NeonDownUITests.swift in Sources */,
			);
			runOnlyForDeploymentPostprocessing = 0;
		};
/* End PBXSourcesBuildPhase section */

/* Begin PBXTargetDependency section */
		ADF2983C1F3FB0D500DE8767 /* PBXTargetDependency */ = {
			isa = PBXTargetDependency;
			target = ADF2981F1F3FB0D500DE8767 /* NeonDown */;
			targetProxy = ADF2983B1F3FB0D500DE8767 /* PBXContainerItemProxy */;
		};
		ADF298471F3FB0D500DE8767 /* PBXTargetDependency */ = {
			isa = PBXTargetDependency;
			target = ADF2981F1F3FB0D500DE8767 /* NeonDown */;
			targetProxy = ADF298461F3FB0D500DE8767 /* PBXContainerItemProxy */;
		};
/* End PBXTargetDependency section */

/* Begin PBXVariantGroup section */
		ADF2982D1F3FB0D500DE8767 /* Main.storyboard */ = {
			isa = PBXVariantGroup;
			children = (
				ADF2982E1F3FB0D500DE8767 /* Base */,
			);
			name = Main.storyboard;
			sourceTree = "<group>";
		};
		ADF298321F3FB0D500DE8767 /* LaunchScreen.storyboard */ = {
			isa = PBXVariantGroup;
			children = (
				ADF298331F3FB0D500DE8767 /* Base */,
			);
			name = LaunchScreen.storyboard;
			sourceTree = "<group>";
		};
/* End PBXVariantGroup section */

/* Begin XCBuildConfiguration section */
		ADF2984C1F3FB0D500DE8767 /* Debug */ = {
			isa = XCBuildConfiguration;
			buildSettings = {
				ALWAYS_SEARCH_USER_PATHS = NO;
				CLANG_ANALYZER_NONNULL = YES;
				CLANG_ANALYZER_NUMBER_OBJECT_CONVERSION = YES_AGGRESSIVE;
				CLANG_CXX_LANGUAGE_STANDARD = "gnu++0x";
				CLANG_CXX_LIBRARY = "libc++";
				CLANG_ENABLE_MODULES = YES;
				CLANG_ENABLE_OBJC_ARC = YES;
				CLANG_WARN_BOOL_CONVERSION = YES;
				CLANG_WARN_CONSTANT_CONVERSION = YES;
				CLANG_WARN_DIRECT_OBJC_ISA_USAGE = YES_ERROR;
				CLANG_WARN_DOCUMENTATION_COMMENTS = YES;
				CLANG_WARN_EMPTY_BODY = YES;
				CLANG_WARN_ENUM_CONVERSION = YES;
				CLANG_WARN_INFINITE_RECURSION = YES;
				CLANG_WARN_INT_CONVERSION = YES;
				CLANG_WARN_OBJC_ROOT_CLASS = YES_ERROR;
				CLANG_WARN_SUSPICIOUS_MOVE = YES;
				CLANG_WARN_UNREACHABLE_CODE = YES;
				CLANG_WARN__DUPLICATE_METHOD_MATCH = YES;
				"CODE_SIGN_IDENTITY[sdk=iphoneos*]" = "iPhone Developer";
				COPY_PHASE_STRIP = NO;
				DEBUG_INFORMATION_FORMAT = dwarf;
				ENABLE_STRICT_OBJC_MSGSEND = YES;
				ENABLE_TESTABILITY = YES;
				GCC_C_LANGUAGE_STANDARD = gnu99;
				GCC_DYNAMIC_NO_PIC = NO;
				GCC_NO_COMMON_BLOCKS = YES;
				GCC_OPTIMIZATION_LEVEL = 0;
				GCC_PREPROCESSOR_DEFINITIONS = (
					"DEBUG=1",
					"$(inherited)",
				);
				GCC_WARN_64_TO_32_BIT_CONVERSION = YES;
				GCC_WARN_ABOUT_RETURN_TYPE = YES_ERROR;
				GCC_WARN_UNDECLARED_SELECTOR = YES;
				GCC_WARN_UNINITIALIZED_AUTOS = YES_AGGRESSIVE;
				GCC_WARN_UNUSED_FUNCTION = YES;
				GCC_WARN_UNUSED_VARIABLE = YES;
				IPHONEOS_DEPLOYMENT_TARGET = 10.3;
				MTL_ENABLE_DEBUG_INFO = YES;
				ONLY_ACTIVE_ARCH = YES;
				SDKROOT = iphoneos;
				SWIFT_ACTIVE_COMPILATION_CONDITIONS = DEBUG;
				SWIFT_OPTIMIZATION_LEVEL = "-Onone";
				TARGETED_DEVICE_FAMILY = "1,2";
			};
			name = Debug;
		};
		ADF2984D1F3FB0D500DE8767 /* Release */ = {
			isa = XCBuildConfiguration;
			buildSettings = {
				ALWAYS_SEARCH_USER_PATHS = NO;
				CLANG_ANALYZER_NONNULL = YES;
				CLANG_ANALYZER_NUMBER_OBJECT_CONVERSION = YES_AGGRESSIVE;
				CLANG_CXX_LANGUAGE_STANDARD = "gnu++0x";
				CLANG_CXX_LIBRARY = "libc++";
				CLANG_ENABLE_MODULES = YES;
				CLANG_ENABLE_OBJC_ARC = YES;
				CLANG_WARN_BOOL_CONVERSION = YES;
				CLANG_WARN_CONSTANT_CONVERSION = YES;
				CLANG_WARN_DIRECT_OBJC_ISA_USAGE = YES_ERROR;
				CLANG_WARN_DOCUMENTATION_COMMENTS = YES;
				CLANG_WARN_EMPTY_BODY = YES;
				CLANG_WARN_ENUM_CONVERSION = YES;
				CLANG_WARN_INFINITE_RECURSION = YES;
				CLANG_WARN_INT_CONVERSION = YES;
				CLANG_WARN_OBJC_ROOT_CLASS = YES_ERROR;
				CLANG_WARN_SUSPICIOUS_MOVE = YES;
				CLANG_WARN_UNREACHABLE_CODE = YES;
				CLANG_WARN__DUPLICATE_METHOD_MATCH = YES;
				"CODE_SIGN_IDENTITY[sdk=iphoneos*]" = "iPhone Developer";
				COPY_PHASE_STRIP = NO;
				DEBUG_INFORMATION_FORMAT = "dwarf-with-dsym";
				ENABLE_NS_ASSERTIONS = NO;
				ENABLE_STRICT_OBJC_MSGSEND = YES;
				GCC_C_LANGUAGE_STANDARD = gnu99;
				GCC_NO_COMMON_BLOCKS = YES;
				GCC_WARN_64_TO_32_BIT_CONVERSION = YES;
				GCC_WARN_ABOUT_RETURN_TYPE = YES_ERROR;
				GCC_WARN_UNDECLARED_SELECTOR = YES;
				GCC_WARN_UNINITIALIZED_AUTOS = YES_AGGRESSIVE;
				GCC_WARN_UNUSED_FUNCTION = YES;
				GCC_WARN_UNUSED_VARIABLE = YES;
				IPHONEOS_DEPLOYMENT_TARGET = 10.3;
				MTL_ENABLE_DEBUG_INFO = NO;
				SDKROOT = iphoneos;
				SWIFT_OPTIMIZATION_LEVEL = "-Owholemodule";
				TARGETED_DEVICE_FAMILY = "1,2";
				VALIDATE_PRODUCT = YES;
			};
			name = Release;
		};
		ADF2984F1F3FB0D500DE8767 /* Debug */ = {
			isa = XCBuildConfiguration;
			buildSettings = {
				ASSETCATALOG_COMPILER_APPICON_NAME = AppIcon;
				DEVELOPMENT_TEAM = 7WV8M257CC;
				INFOPLIST_FILE = NeonDown/Info.plist;
				IPHONEOS_DEPLOYMENT_TARGET = 10.3;
				LD_RUNPATH_SEARCH_PATHS = "$(inherited) @executable_path/Frameworks";
				PRODUCT_BUNDLE_IDENTIFIER = com.EdsonJr.NeonDown;
				PRODUCT_NAME = "$(TARGET_NAME)";
				SWIFT_VERSION = 3.0;
			};
			name = Debug;
		};
		ADF298501F3FB0D500DE8767 /* Release */ = {
			isa = XCBuildConfiguration;
			buildSettings = {
				ASSETCATALOG_COMPILER_APPICON_NAME = AppIcon;
				DEVELOPMENT_TEAM = 7WV8M257CC;
				INFOPLIST_FILE = NeonDown/Info.plist;
				IPHONEOS_DEPLOYMENT_TARGET = 10.3;
				LD_RUNPATH_SEARCH_PATHS = "$(inherited) @executable_path/Frameworks";
				PRODUCT_BUNDLE_IDENTIFIER = com.EdsonJr.NeonDown;
				PRODUCT_NAME = "$(TARGET_NAME)";
				SWIFT_VERSION = 3.0;
			};
			name = Release;
		};
		ADF298521F3FB0D500DE8767 /* Debug */ = {
			isa = XCBuildConfiguration;
			buildSettings = {
				ALWAYS_EMBED_SWIFT_STANDARD_LIBRARIES = YES;
				BUNDLE_LOADER = "$(TEST_HOST)";
				DEVELOPMENT_TEAM = 7WV8M257CC;
				INFOPLIST_FILE = NeonDownTests/Info.plist;
				LD_RUNPATH_SEARCH_PATHS = "$(inherited) @executable_path/Frameworks @loader_path/Frameworks";
				PRODUCT_BUNDLE_IDENTIFIER = com.EdsonJr.NeonDownTests;
				PRODUCT_NAME = "$(TARGET_NAME)";
				SWIFT_VERSION = 3.0;
				TEST_HOST = "$(BUILT_PRODUCTS_DIR)/NeonDown.app/NeonDown";
			};
			name = Debug;
		};
		ADF298531F3FB0D500DE8767 /* Release */ = {
			isa = XCBuildConfiguration;
			buildSettings = {
				ALWAYS_EMBED_SWIFT_STANDARD_LIBRARIES = YES;
				BUNDLE_LOADER = "$(TEST_HOST)";
				DEVELOPMENT_TEAM = 7WV8M257CC;
				INFOPLIST_FILE = NeonDownTests/Info.plist;
				LD_RUNPATH_SEARCH_PATHS = "$(inherited) @executable_path/Frameworks @loader_path/Frameworks";
				PRODUCT_BUNDLE_IDENTIFIER = com.EdsonJr.NeonDownTests;
				PRODUCT_NAME = "$(TARGET_NAME)";
				SWIFT_VERSION = 3.0;
				TEST_HOST = "$(BUILT_PRODUCTS_DIR)/NeonDown.app/NeonDown";
			};
			name = Release;
		};
		ADF298551F3FB0D500DE8767 /* Debug */ = {
			isa = XCBuildConfiguration;
			buildSettings = {
				ALWAYS_EMBED_SWIFT_STANDARD_LIBRARIES = YES;
				DEVELOPMENT_TEAM = 7WV8M257CC;
				INFOPLIST_FILE = NeonDownUITests/Info.plist;
				LD_RUNPATH_SEARCH_PATHS = "$(inherited) @executable_path/Frameworks @loader_path/Frameworks";
				PRODUCT_BUNDLE_IDENTIFIER = com.EdsonJr.NeonDownUITests;
				PRODUCT_NAME = "$(TARGET_NAME)";
				SWIFT_VERSION = 3.0;
				TEST_TARGET_NAME = NeonDown;
			};
			name = Debug;
		};
		ADF298561F3FB0D500DE8767 /* Release */ = {
			isa = XCBuildConfiguration;
			buildSettings = {
				ALWAYS_EMBED_SWIFT_STANDARD_LIBRARIES = YES;
				DEVELOPMENT_TEAM = 7WV8M257CC;
				INFOPLIST_FILE = NeonDownUITests/Info.plist;
				LD_RUNPATH_SEARCH_PATHS = "$(inherited) @executable_path/Frameworks @loader_path/Frameworks";
				PRODUCT_BUNDLE_IDENTIFIER = com.EdsonJr.NeonDownUITests;
				PRODUCT_NAME = "$(TARGET_NAME)";
				SWIFT_VERSION = 3.0;
				TEST_TARGET_NAME = NeonDown;
			};
			name = Release;
		};
/* End XCBuildConfiguration section */

/* Begin XCConfigurationList section */
		ADF2981B1F3FB0D500DE8767 /* Build configuration list for PBXProject "NeonDown" */ = {
			isa = XCConfigurationList;
			buildConfigurations = (
				ADF2984C1F3FB0D500DE8767 /* Debug */,
				ADF2984D1F3FB0D500DE8767 /* Release */,
			);
			defaultConfigurationIsVisible = 0;
			defaultConfigurationName = Release;
		};
		ADF2984E1F3FB0D500DE8767 /* Build configuration list for PBXNativeTarget "NeonDown" */ = {
			isa = XCConfigurationList;
			buildConfigurations = (
				ADF2984F1F3FB0D500DE8767 /* Debug */,
				ADF298501F3FB0D500DE8767 /* Release */,
			);
			defaultConfigurationIsVisible = 0;
			defaultConfigurationName = Release;
		};
		ADF298511F3FB0D500DE8767 /* Build configuration list for PBXNativeTarget "NeonDownTests" */ = {
			isa = XCConfigurationList;
			buildConfigurations = (
				ADF298521F3FB0D500DE8767 /* Debug */,
				ADF298531F3FB0D500DE8767 /* Release */,
			);
			defaultConfigurationIsVisible = 0;
			defaultConfigurationName = Release;
		};
		ADF298541F3FB0D500DE8767 /* Build configuration list for PBXNativeTarget "NeonDownUITests" */ = {
			isa = XCConfigurationList;
			buildConfigurations = (
				ADF298551F3FB0D500DE8767 /* Debug */,
				ADF298561F3FB0D500DE8767 /* Release */,
			);
			defaultConfigurationIsVisible = 0;
			defaultConfigurationName = Release;
		};
/* End XCConfigurationList section */
	};
	rootObject = ADF298181F3FB0D500DE8767 /* Project object */;
}
